
Microsoft Visual Studio Solution File, Format Version 12.00
# Visual Studio Version 17
VisualStudioVersion = 17.3.32819.101
MinimumVisualStudioVersion = 10.0.40219.1
Project("{8BC9CEB8-8B4A-11D0-8D11-00A0C91BC942}") = "23894", "23894\23894.vcxproj", "{C6FB8242-7602-4715-AFFF-A5180F4B050F}"
EndProject
Global
	GlobalSection(SolutionConfigurationPlatforms) = preSolution
		Debug|x64 = Debug|x64
		Debug|x86 = Debug|x86
		Release|x64 = Release|x64
		Release|x86 = Release|x86
	EndGlobalSection
	GlobalSection(ProjectConfigurationPlatforms) = postSolution
		{C6FB8242-7602-4715-AFFF-A5180F4B050F}.Debug|x64.ActiveCfg = Debug|x64
		{C6FB8242-7602-4715-AFFF-A5180F4B050F}.Debug|x64.Build.0 = Debug|x64
		{C6FB8242-7602-4715-AFFF-A5180F4B050F}.Debug|x86.ActiveCfg = Debug|Win32
		{C6FB8242-7602-4715-AFFF-A5180F4B050F}.Debug|x86.Build.0 = Debug|Win32
		{C6FB8242-7602-4715-AFFF-A5180F4B050F}.Release|x64.ActiveCfg = Release|x64
		{C6FB8242-7602-4715-AFFF-A5180F4B050F}.Release|x64.Build.0 = Release|x64
		{C6FB8242-7602-4715-AFFF-A5180F4B050F}.Release|x86.ActiveCfg = Release|Win32
		{C6FB8242-7602-4715-AFFF-A5180F4B050F}.Release|x86.Build.0 = Release|Win32
	EndGlobalSection
	GlobalSection(SolutionProperties) = preSolution
		HideSolutionNode = FALSE
	EndGlobalSection
	GlobalSection(ExtensibilityGlobals) = postSolution
		SolutionGuid = {8E37DBEE-5895-412E-BD52-898600F629F2}
	EndGlobalSection
EndGlobal
