
Microsoft Visual Studio Solution File, Format Version 12.00
# Visual Studio Version 17
VisualStudioVersion = 17.3.32825.248
MinimumVisualStudioVersion = 10.0.40219.1
Project("{8BC9CEB8-8B4A-11D0-8D11-00A0C91BC942}") = "74523", "74523\74523.vcxproj", "{1BB6FB28-9D7C-4580-B7F8-A72E60689858}"
EndProject
Global
	GlobalSection(SolutionConfigurationPlatforms) = preSolution
		Debug|x64 = Debug|x64
		Debug|x86 = Debug|x86
		Release|x64 = Release|x64
		Release|x86 = Release|x86
	EndGlobalSection
	GlobalSection(ProjectConfigurationPlatforms) = postSolution
		{1BB6FB28-9D7C-4580-B7F8-A72E60689858}.Debug|x64.ActiveCfg = Debug|x64
		{1BB6FB28-9D7C-4580-B7F8-A72E60689858}.Debug|x64.Build.0 = Debug|x64
		{1BB6FB28-9D7C-4580-B7F8-A72E60689858}.Debug|x86.ActiveCfg = Debug|Win32
		{1BB6FB28-9D7C-4580-B7F8-A72E60689858}.Debug|x86.Build.0 = Debug|Win32
		{1BB6FB28-9D7C-4580-B7F8-A72E60689858}.Release|x64.ActiveCfg = Release|x64
		{1BB6FB28-9D7C-4580-B7F8-A72E60689858}.Release|x64.Build.0 = Release|x64
		{1BB6FB28-9D7C-4580-B7F8-A72E60689858}.Release|x86.ActiveCfg = Release|Win32
		{1BB6FB28-9D7C-4580-B7F8-A72E60689858}.Release|x86.Build.0 = Release|Win32
	EndGlobalSection
	GlobalSection(SolutionProperties) = preSolution
		HideSolutionNode = FALSE
	EndGlobalSection
	GlobalSection(ExtensibilityGlobals) = postSolution
		SolutionGuid = {DA7A07D5-4990-4B1A-82E2-EDB145E6095D}
	EndGlobalSection
EndGlobal
