
Microsoft Visual Studio Solution File, Format Version 12.00
# Visual Studio Version 17
VisualStudioVersion = 17.3.32819.101
MinimumVisualStudioVersion = 10.0.40219.1
Project("{8BC9CEB8-8B4A-11D0-8D11-00A0C91BC942}") = "21909", "21909\21909.vcxproj", "{8203DA55-8515-49D4-B9DF-52E694685040}"
EndProject
Global
	GlobalSection(SolutionConfigurationPlatforms) = preSolution
		Debug|x64 = Debug|x64
		Debug|x86 = Debug|x86
		Release|x64 = Release|x64
		Release|x86 = Release|x86
	EndGlobalSection
	GlobalSection(ProjectConfigurationPlatforms) = postSolution
		{8203DA55-8515-49D4-B9DF-52E694685040}.Debug|x64.ActiveCfg = Debug|x64
		{8203DA55-8515-49D4-B9DF-52E694685040}.Debug|x64.Build.0 = Debug|x64
		{8203DA55-8515-49D4-B9DF-52E694685040}.Debug|x86.ActiveCfg = Debug|Win32
		{8203DA55-8515-49D4-B9DF-52E694685040}.Debug|x86.Build.0 = Debug|Win32
		{8203DA55-8515-49D4-B9DF-52E694685040}.Release|x64.ActiveCfg = Release|x64
		{8203DA55-8515-49D4-B9DF-52E694685040}.Release|x64.Build.0 = Release|x64
		{8203DA55-8515-49D4-B9DF-52E694685040}.Release|x86.ActiveCfg = Release|Win32
		{8203DA55-8515-49D4-B9DF-52E694685040}.Release|x86.Build.0 = Release|Win32
	EndGlobalSection
	GlobalSection(SolutionProperties) = preSolution
		HideSolutionNode = FALSE
	EndGlobalSection
	GlobalSection(ExtensibilityGlobals) = postSolution
		SolutionGuid = {C4945FC1-CCB6-4CE2-AF58-8F72F660B594}
	EndGlobalSection
EndGlobal
