
Microsoft Visual Studio Solution File, Format Version 12.00
# Visual Studio Version 17
VisualStudioVersion = 17.3.32819.101
MinimumVisualStudioVersion = 10.0.40219.1
Project("{8BC9CEB8-8B4A-11D0-8D11-00A0C91BC942}") = "18112", "18112\18112.vcxproj", "{37F17922-D008-4EA2-95FD-CB24C320994F}"
EndProject
Global
	GlobalSection(SolutionConfigurationPlatforms) = preSolution
		Debug|x64 = Debug|x64
		Debug|x86 = Debug|x86
		Release|x64 = Release|x64
		Release|x86 = Release|x86
	EndGlobalSection
	GlobalSection(ProjectConfigurationPlatforms) = postSolution
		{37F17922-D008-4EA2-95FD-CB24C320994F}.Debug|x64.ActiveCfg = Debug|x64
		{37F17922-D008-4EA2-95FD-CB24C320994F}.Debug|x64.Build.0 = Debug|x64
		{37F17922-D008-4EA2-95FD-CB24C320994F}.Debug|x86.ActiveCfg = Debug|Win32
		{37F17922-D008-4EA2-95FD-CB24C320994F}.Debug|x86.Build.0 = Debug|Win32
		{37F17922-D008-4EA2-95FD-CB24C320994F}.Release|x64.ActiveCfg = Release|x64
		{37F17922-D008-4EA2-95FD-CB24C320994F}.Release|x64.Build.0 = Release|x64
		{37F17922-D008-4EA2-95FD-CB24C320994F}.Release|x86.ActiveCfg = Release|Win32
		{37F17922-D008-4EA2-95FD-CB24C320994F}.Release|x86.Build.0 = Release|Win32
	EndGlobalSection
	GlobalSection(SolutionProperties) = preSolution
		HideSolutionNode = FALSE
	EndGlobalSection
	GlobalSection(ExtensibilityGlobals) = postSolution
		SolutionGuid = {D11B367F-8113-49F7-9EFF-2C360D885954}
	EndGlobalSection
EndGlobal
